
Microsoft Visual Studio Solution File, Format Version 12.00
# Visual Studio Version 16
VisualStudioVersion = 16.0.32106.194
MinimumVisualStudioVersion = 10.0.40219.1
Project("{FAE04EC0-301F-11D3-BF4B-00C04F79EFBC}") = "Project1", "Project1\Project1.csproj", "{63C74091-5D4C-4DB4-AC83-91181A19B048}"
EndProject
Global
	GlobalSection(SolutionConfigurationPlatforms) = preSolution
		Debug|Any CPU = Debug|Any CPU
		Release|Any CPU = Release|Any CPU
	EndGlobalSection
	GlobalSection(ProjectConfigurationPlatforms) = postSolution
		{63C74091-5D4C-4DB4-AC83-91181A19B048}.Debug|Any CPU.ActiveCfg = Debug|Any CPU
		{63C74091-5D4C-4DB4-AC83-91181A19B048}.Debug|Any CPU.Build.0 = Debug|Any CPU
		{63C74091-5D4C-4DB4-AC83-91181A19B048}.Release|Any CPU.ActiveCfg = Release|Any CPU
		{63C74091-5D4C-4DB4-AC83-91181A19B048}.Release|Any CPU.Build.0 = Release|Any CPU
	EndGlobalSection
	GlobalSection(SolutionProperties) = preSolution
		HideSolutionNode = FALSE
	EndGlobalSection
	GlobalSection(ExtensibilityGlobals) = postSolution
		SolutionGuid = {30D01260-B4F7-4222-8905-5F544608D32A}
	EndGlobalSection
EndGlobal
